
Microsoft Visual Studio Solution File, Format Version 12.00
Project("{FAE04EC0-301F-11D3-BF4B-00C04F79EFBC}") = "TestProject", "TestProject\TestProject.csproj", "{576CDF0B-59D9-4CA0-8FC5-031FB1DFCBC8}"
EndProject
Global
	GlobalSection(SolutionConfigurationPlatforms) = preSolution
		Debug|Any CPU = Debug|Any CPU
		Release|Any CPU = Release|Any CPU
	EndGlobalSection
	GlobalSection(ProjectConfigurationPlatforms) = postSolution
		{576CDF0B-59D9-4CA0-8FC5-031FB1DFCBC8}.Debug|Any CPU.ActiveCfg = Debug|Any CPU
		{576CDF0B-59D9-4CA0-8FC5-031FB1DFCBC8}.Debug|Any CPU.Build.0 = Debug|Any CPU
		{576CDF0B-59D9-4CA0-8FC5-031FB1DFCBC8}.Release|Any CPU.ActiveCfg = Release|Any CPU
		{576CDF0B-59D9-4CA0-8FC5-031FB1DFCBC8}.Release|Any CPU.Build.0 = Release|Any CPU
	EndGlobalSection
EndGlobal
